// !$*UTF8*$!
{
	archiveVersion = 1;
	classes = {
	};
	objectVersion = 50;
	objects = {

/* Begin PBXBuildFile section */
		077E235F23F40B1F00A83F56 /* AppDelegate.swift in Sources */ = {isa = PBXBuildFile; fileRef = 077E235E23F40B1F00A83F56 /* AppDelegate.swift */; };
		077E236123F40B1F00A83F56 /* SceneDelegate.swift in Sources */ = {isa = PBXBuildFile; fileRef = 077E236023F40B1F00A83F56 /* SceneDelegate.swift */; };
		077E236323F40B1F00A83F56 /* ViewController.swift in Sources */ = {isa = PBXBuildFile; fileRef = 077E236223F40B1F00A83F56 /* ViewController.swift */; };
		077E236623F40B1F00A83F56 /* Main.storyboard in Resources */ = {isa = PBXBuildFile; fileRef = 077E236423F40B1F00A83F56 /* Main.storyboard */; };
		077E236923F40B1F00A83F56 /* CoreDataCRUD.xcdatamodeld in Sources */ = {isa = PBXBuildFile; fileRef = 077E236723F40B1F00A83F56 /* CoreDataCRUD.xcdatamodeld */; };
		077E236B23F40B2000A83F56 /* Assets.xcassets in Resources */ = {isa = PBXBuildFile; fileRef = 077E236A23F40B2000A83F56 /* Assets.xcassets */; };
		077E236E23F40B2000A83F56 /* LaunchScreen.storyboard in Resources */ = {isa = PBXBuildFile; fileRef = 077E236C23F40B2000A83F56 /* LaunchScreen.storyboard */; };
		077E237923F40B2000A83F56 /* CoreDataCRUDTests.swift in Sources */ = {isa = PBXBuildFile; fileRef = 077E237823F40B2000A83F56 /* CoreDataCRUDTests.swift */; };
		077E238423F40B2000A83F56 /* CoreDataCRUDUITests.swift in Sources */ = {isa = PBXBuildFile; fileRef = 077E238323F40B2000A83F56 /* CoreDataCRUDUITests.swift */; };
/* End PBXBuildFile section */

/* Begin PBXContainerItemProxy section */
		077E237523F40B2000A83F56 /* PBXContainerItemProxy */ = {
			isa = PBXContainerItemProxy;
			containerPortal = 077E235323F40B1F00A83F56 /* Project object */;
			proxyType = 1;
			remoteGlobalIDString = 077E235A23F40B1F00A83F56;
			remoteInfo = CoreDataCRUD;
		};
		077E238023F40B2000A83F56 /* PBXContainerItemProxy */ = {
			isa = PBXContainerItemProxy;
			containerPortal = 077E235323F40B1F00A83F56 /* Project object */;
			proxyType = 1;
			remoteGlobalIDString = 077E235A23F40B1F00A83F56;
			remoteInfo = CoreDataCRUD;
		};
/* End PBXContainerItemProxy section */

/* Begin PBXFileReference section */
		077E235B23F40B1F00A83F56 /* CoreDataCRUD.app */ = {isa = PBXFileReference; explicitFileType = wrapper.application; includeInIndex = 0; path = CoreDataCRUD.app; sourceTree = BUILT_PRODUCTS_DIR; };
		077E235E23F40B1F00A83F56 /* AppDelegate.swift */ = {isa = PBXFileReference; lastKnownFileType = sourcecode.swift; path = AppDelegate.swift; sourceTree = "<group>"; };
		077E236023F40B1F00A83F56 /* SceneDelegate.swift */ = {isa = PBXFileReference; lastKnownFileType = sourcecode.swift; path = SceneDelegate.swift; sourceTree = "<group>"; };
		077E236223F40B1F00A83F56 /* ViewController.swift */ = {isa = PBXFileReference; lastKnownFileType = sourcecode.swift; path = ViewController.swift; sourceTree = "<group>"; };
		077E236523F40B1F00A83F56 /* Base */ = {isa = PBXFileReference; lastKnownFileType = file.storyboard; name = Base; path = Base.lproj/Main.storyboard; sourceTree = "<group>"; };
		077E236823F40B1F00A83F56 /* CoreDataCRUD.xcdatamodel */ = {isa = PBXFileReference; lastKnownFileType = wrapper.xcdatamodel; path = CoreDataCRUD.xcdatamodel; sourceTree = "<group>"; };
		077E236A23F40B2000A83F56 /* Assets.xcassets */ = {isa = PBXFileReference; lastKnownFileType = folder.assetcatalog; path = Assets.xcassets; sourceTree = "<group>"; };
		077E236D23F40B2000A83F56 /* Base */ = {isa = PBXFileReference; lastKnownFileType = file.storyboard; name = Base; path = Base.lproj/LaunchScreen.storyboard; sourceTree = "<group>"; };
		077E236F23F40B2000A83F56 /* Info.plist */ = {isa = PBXFileReference; lastKnownFileType = text.plist.xml; path = Info.plist; sourceTree = "<group>"; };
		077E237423F40B2000A83F56 /* CoreDataCRUDTests.xctest */ = {isa = PBXFileReference; explicitFileType = wrapper.cfbundle; includeInIndex = 0; path = CoreDataCRUDTests.xctest; sourceTree = BUILT_PRODUCTS_DIR; };
		077E237823F40B2000A83F56 /* CoreDataCRUDTests.swift */ = {isa = PBXFileReference; lastKnownFileType = sourcecode.swift; path = CoreDataCRUDTests.swift; sourceTree = "<group>"; };
		077E237A23F40B2000A83F56 /* Info.plist */ = {isa = PBXFileReference; lastKnownFileType = text.plist.xml; path = Info.plist; sourceTree = "<group>"; };
		077E237F23F40B2000A83F56 /* CoreDataCRUDUITests.xctest */ = {isa = PBXFileReference; explicitFileType = wrapper.cfbundle; includeInIndex = 0; path = CoreDataCRUDUITests.xctest; sourceTree = BUILT_PRODUCTS_DIR; };
		077E238323F40B2000A83F56 /* CoreDataCRUDUITests.swift */ = {isa = PBXFileReference; lastKnownFileType = sourcecode.swift; path = CoreDataCRUDUITests.swift; sourceTree = "<group>"; };
		077E238523F40B2000A83F56 /* Info.plist */ = {isa = PBXFileReference; lastKnownFileType = text.plist.xml; path = Info.plist; sourceTree = "<group>"; };
/* End PBXFileReference section */

/* Begin PBXFrameworksBuildPhase section */
		077E235823F40B1F00A83F56 /* Frameworks */ = {
			isa = PBXFrameworksBuildPhase;
			buildActionMask = 2147483647;
			files = (
			);
			runOnlyForDeploymentPostprocessing = 0;
		};
		077E237123F40B2000A83F56 /* Frameworks */ = {
			isa = PBXFrameworksBuildPhase;
			buildActionMask = 2147483647;
			files = (
			);
			runOnlyForDeploymentPostprocessing = 0;
		};
		077E237C23F40B2000A83F56 /* Frameworks */ = {
			isa = PBXFrameworksBuildPhase;
			buildActionMask = 2147483647;
			files = (
			);
			runOnlyForDeploymentPostprocessing = 0;
		};
/* End PBXFrameworksBuildPhase section */

/* Begin PBXGroup section */
		077E235223F40B1F00A83F56 = {
			isa = PBXGroup;
			children = (
				077E235D23F40B1F00A83F56 /* CoreDataCRUD */,
				077E237723F40B2000A83F56 /* CoreDataCRUDTests */,
				077E238223F40B2000A83F56 /* CoreDataCRUDUITests */,
				077E235C23F40B1F00A83F56 /* Products */,
			);
			sourceTree = "<group>";
		};
		077E235C23F40B1F00A83F56 /* Products */ = {
			isa = PBXGroup;
			children = (
				077E235B23F40B1F00A83F56 /* CoreDataCRUD.app */,
				077E237423F40B2000A83F56 /* CoreDataCRUDTests.xctest */,
				077E237F23F40B2000A83F56 /* CoreDataCRUDUITests.xctest */,
			);
			name = Products;
			sourceTree = "<group>";
		};
		077E235D23F40B1F00A83F56 /* CoreDataCRUD */ = {
			isa = PBXGroup;
			children = (
				077E235E23F40B1F00A83F56 /* AppDelegate.swift */,
				077E236023F40B1F00A83F56 /* SceneDelegate.swift */,
				077E236223F40B1F00A83F56 /* ViewController.swift */,
				077E236423F40B1F00A83F56 /* Main.storyboard */,
				077E236A23F40B2000A83F56 /* Assets.xcassets */,
				077E236C23F40B2000A83F56 /* LaunchScreen.storyboard */,
				077E236F23F40B2000A83F56 /* Info.plist */,
				077E236723F40B1F00A83F56 /* CoreDataCRUD.xcdatamodeld */,
			);
			path = CoreDataCRUD;
			sourceTree = "<group>";
		};
		077E237723F40B2000A83F56 /* CoreDataCRUDTests */ = {
			isa = PBXGroup;
			children = (
				077E237823F40B2000A83F56 /* CoreDataCRUDTests.swift */,
				077E237A23F40B2000A83F56 /* Info.plist */,
			);
			path = CoreDataCRUDTests;
			sourceTree = "<group>";
		};
		077E238223F40B2000A83F56 /* CoreDataCRUDUITests */ = {
			isa = PBXGroup;
			children = (
				077E238323F40B2000A83F56 /* CoreDataCRUDUITests.swift */,
				077E238523F40B2000A83F56 /* Info.plist */,
			);
			path = CoreDataCRUDUITests;
			sourceTree = "<group>";
		};
/* End PBXGroup section */

/* Begin PBXNativeTarget section */
		077E235A23F40B1F00A83F56 /* CoreDataCRUD */ = {
			isa = PBXNativeTarget;
			buildConfigurationList = 077E238823F40B2000A83F56 /* Build configuration list for PBXNativeTarget "CoreDataCRUD" */;
			buildPhases = (
				077E235723F40B1F00A83F56 /* Sources */,
				077E235823F40B1F00A83F56 /* Frameworks */,
				077E235923F40B1F00A83F56 /* Resources */,
			);
			buildRules = (
			);
			dependencies = (
			);
			name = CoreDataCRUD;
			productName = CoreDataCRUD;
			productReference = 077E235B23F40B1F00A83F56 /* CoreDataCRUD.app */;
			productType = "com.apple.product-type.application";
		};
		077E237323F40B2000A83F56 /* CoreDataCRUDTests */ = {
			isa = PBXNativeTarget;
			buildConfigurationList = 077E238B23F40B2000A83F56 /* Build configuration list for PBXNativeTarget "CoreDataCRUDTests" */;
			buildPhases = (
				077E237023F40B2000A83F56 /* Sources */,
				077E237123F40B2000A83F56 /* Frameworks */,
				077E237223F40B2000A83F56 /* Resources */,
			);
			buildRules = (
			);
			dependencies = (
				077E237623F40B2000A83F56 /* PBXTargetDependency */,
			);
			name = CoreDataCRUDTests;
			productName = CoreDataCRUDTests;
			productReference = 077E237423F40B2000A83F56 /* CoreDataCRUDTests.xctest */;
			productType = "com.apple.product-type.bundle.unit-test";
		};
		077E237E23F40B2000A83F56 /* CoreDataCRUDUITests */ = {
			isa = PBXNativeTarget;
			buildConfigurationList = 077E238E23F40B2000A83F56 /* Build configuration list for PBXNativeTarget "CoreDataCRUDUITests" */;
			buildPhases = (
				077E237B23F40B2000A83F56 /* Sources */,
				077E237C23F40B2000A83F56 /* Frameworks */,
				077E237D23F40B2000A83F56 /* Resources */,
			);
			buildRules = (
			);
			dependencies = (
				077E238123F40B2000A83F56 /* PBXTargetDependency */,
			);
			name = CoreDataCRUDUITests;
			productName = CoreDataCRUDUITests;
			productReference = 077E237F23F40B2000A83F56 /* CoreDataCRUDUITests.xctest */;
			productType = "com.apple.product-type.bundle.ui-testing";
		};
/* End PBXNativeTarget section */

/* Begin PBXProject section */
		077E235323F40B1F00A83F56 /* Project object */ = {
			isa = PBXProject;
			attributes = {
				LastSwiftUpdateCheck = 1110;
				LastUpgradeCheck = 1110;
				ORGANIZATIONNAME = neeraja;
				TargetAttributes = {
					077E235A23F40B1F00A83F56 = {
						CreatedOnToolsVersion = 11.1;
					};
					077E237323F40B2000A83F56 = {
						CreatedOnToolsVersion = 11.1;
						TestTargetID = 077E235A23F40B1F00A83F56;
					};
					077E237E23F40B2000A83F56 = {
						CreatedOnToolsVersion = 11.1;
						TestTargetID = 077E235A23F40B1F00A83F56;
					};
				};
			};
			buildConfigurationList = 077E235623F40B1F00A83F56 /* Build configuration list for PBXProject "CoreDataCRUD" */;
			compatibilityVersion = "Xcode 9.3";
			developmentRegion = en;
			hasScannedForEncodings = 0;
			knownRegions = (
				en,
				Base,
			);
			mainGroup = 077E235223F40B1F00A83F56;
			productRefGroup = 077E235C23F40B1F00A83F56 /* Products */;
			projectDirPath = "";
			projectRoot = "";
			targets = (
				077E235A23F40B1F00A83F56 /* CoreDataCRUD */,
				077E237323F40B2000A83F56 /* CoreDataCRUDTests */,
				077E237E23F40B2000A83F56 /* CoreDataCRUDUITests */,
			);
		};
/* End PBXProject section */

/* Begin PBXResourcesBuildPhase section */
		077E235923F40B1F00A83F56 /* Resources */ = {
			isa = PBXResourcesBuildPhase;
			buildActionMask = 2147483647;
			files = (
				077E236E23F40B2000A83F56 /* LaunchScreen.storyboard in Resources */,
				077E236B23F40B2000A83F56 /* Assets.xcassets in Resources */,
				077E236623F40B1F00A83F56 /* Main.storyboard in Resources */,
			);
			runOnlyForDeploymentPostprocessing = 0;
		};
		077E237223F40B2000A83F56 /* Resources */ = {
			isa = PBXResourcesBuildPhase;
			buildActionMask = 2147483647;
			files = (
			);
			runOnlyForDeploymentPostprocessing = 0;
		};
		077E237D23F40B2000A83F56 /* Resources */ = {
			isa = PBXResourcesBuildPhase;
			buildActionMask = 2147483647;
			files = (
			);
			runOnlyForDeploymentPostprocessing = 0;
		};
/* End PBXResourcesBuildPhase section */

/* Begin PBXSourcesBuildPhase section */
		077E235723F40B1F00A83F56 /* Sources */ = {
			isa = PBXSourcesBuildPhase;
			buildActionMask = 2147483647;
			files = (
				077E236323F40B1F00A83F56 /* ViewController.swift in Sources */,
				077E235F23F40B1F00A83F56 /* AppDelegate.swift in Sources */,
				077E236923F40B1F00A83F56 /* CoreDataCRUD.xcdatamodeld in Sources */,
				077E236123F40B1F00A83F56 /* SceneDelegate.swift in Sources */,
			);
			runOnlyForDeploymentPostprocessing = 0;
		};
		077E237023F40B2000A83F56 /* Sources */ = {
			isa = PBXSourcesBuildPhase;
			buildActionMask = 2147483647;
			files = (
				077E237923F40B2000A83F56 /* CoreDataCRUDTests.swift in Sources */,
			);
			runOnlyForDeploymentPostprocessing = 0;
		};
		077E237B23F40B2000A83F56 /* Sources */ = {
			isa = PBXSourcesBuildPhase;
			buildActionMask = 2147483647;
			files = (
				077E238423F40B2000A83F56 /* CoreDataCRUDUITests.swift in Sources */,
			);
			runOnlyForDeploymentPostprocessing = 0;
		};
/* End PBXSourcesBuildPhase section */

/* Begin PBXTargetDependency section */
		077E237623F40B2000A83F56 /* PBXTargetDependency */ = {
			isa = PBXTargetDependency;
			target = 077E235A23F40B1F00A83F56 /* CoreDataCRUD */;
			targetProxy = 077E237523F40B2000A83F56 /* PBXContainerItemProxy */;
		};
		077E238123F40B2000A83F56 /* PBXTargetDependency */ = {
			isa = PBXTargetDependency;
			target = 077E235A23F40B1F00A83F56 /* CoreDataCRUD */;
			targetProxy = 077E238023F40B2000A83F56 /* PBXContainerItemProxy */;
		};
/* End PBXTargetDependency section */

/* Begin PBXVariantGroup section */
		077E236423F40B1F00A83F56 /* Main.storyboard */ = {
			isa = PBXVariantGroup;
			children = (
				077E236523F40B1F00A83F56 /* Base */,
			);
			name = Main.storyboard;
			sourceTree = "<group>";
		};
		077E236C23F40B2000A83F56 /* LaunchScreen.storyboard */ = {
			isa = PBXVariantGroup;
			children = (
				077E236D23F40B2000A83F56 /* Base */,
			);
			name = LaunchScreen.storyboard;
			sourceTree = "<group>";
		};
/* End PBXVariantGroup section */

/* Begin XCBuildConfiguration section */
		077E238623F40B2000A83F56 /* Debug */ = {
			isa = XCBuildConfiguration;
			buildSettings = {
				ALWAYS_SEARCH_USER_PATHS = NO;
				CLANG_ANALYZER_NONNULL = YES;
				CLANG_ANALYZER_NUMBER_OBJECT_CONVERSION = YES_AGGRESSIVE;
				CLANG_CXX_LANGUAGE_STANDARD = "gnu++14";
				CLANG_CXX_LIBRARY = "libc++";
				CLANG_ENABLE_MODULES = YES;
				CLANG_ENABLE_OBJC_ARC = YES;
				CLANG_ENABLE_OBJC_WEAK = YES;
				CLANG_WARN_BLOCK_CAPTURE_AUTORELEASING = YES;
				CLANG_WARN_BOOL_CONVERSION = YES;
				CLANG_WARN_COMMA = YES;
				CLANG_WARN_CONSTANT_CONVERSION = YES;
				CLANG_WARN_DEPRECATED_OBJC_IMPLEMENTATIONS = YES;
				CLANG_WARN_DIRECT_OBJC_ISA_USAGE = YES_ERROR;
				CLANG_WARN_DOCUMENTATION_COMMENTS = YES;
				CLANG_WARN_EMPTY_BODY = YES;
				CLANG_WARN_ENUM_CONVERSION = YES;
				CLANG_WARN_INFINITE_RECURSION = YES;
				CLANG_WARN_INT_CONVERSION = YES;
				CLANG_WARN_NON_LITERAL_NULL_CONVERSION = YES;
				CLANG_WARN_OBJC_IMPLICIT_RETAIN_SELF = YES;
				CLANG_WARN_OBJC_LITERAL_CONVERSION = YES;
				CLANG_WARN_OBJC_ROOT_CLASS = YES_ERROR;
				CLANG_WARN_RANGE_LOOP_ANALYSIS = YES;
				CLANG_WARN_STRICT_PROTOTYPES = YES;
				CLANG_WARN_SUSPICIOUS_MOVE = YES;
				CLANG_WARN_UNGUARDED_AVAILABILITY = YES_AGGRESSIVE;
				CLANG_WARN_UNREACHABLE_CODE = YES;
				CLANG_WARN__DUPLICATE_METHOD_MATCH = YES;
				COPY_PHASE_STRIP = NO;
				DEBUG_INFORMATION_FORMAT = dwarf;
				ENABLE_STRICT_OBJC_MSGSEND = YES;
				ENABLE_TESTABILITY = YES;
				GCC_C_LANGUAGE_STANDARD = gnu11;
				GCC_DYNAMIC_NO_PIC = NO;
				GCC_NO_COMMON_BLOCKS = YES;
				GCC_OPTIMIZATION_LEVEL = 0;
				GCC_PREPROCESSOR_DEFINITIONS = (
					"DEBUG=1",
					"$(inherited)",
				);
				GCC_WARN_64_TO_32_BIT_CONVERSION = YES;
				GCC_WARN_ABOUT_RETURN_TYPE = YES_ERROR;
				GCC_WARN_UNDECLARED_SELECTOR = YES;
				GCC_WARN_UNINITIALIZED_AUTOS = YES_AGGRESSIVE;
				GCC_WARN_UNUSED_FUNCTION = YES;
				GCC_WARN_UNUSED_VARIABLE = YES;
				IPHONEOS_DEPLOYMENT_TARGET = 13.1;
				MTL_ENABLE_DEBUG_INFO = INCLUDE_SOURCE;
				MTL_FAST_MATH = YES;
				ONLY_ACTIVE_ARCH = YES;
				SDKROOT = iphoneos;
				SWIFT_ACTIVE_COMPILATION_CONDITIONS = DEBUG;
				SWIFT_OPTIMIZATION_LEVEL = "-Onone";
			};
			name = Debug;
		};
		077E238723F40B2000A83F56 /* Release */ = {
			isa = XCBuildConfiguration;
			buildSettings = {
				ALWAYS_SEARCH_USER_PATHS = NO;
				CLANG_ANALYZER_NONNULL = YES;
				CLANG_ANALYZER_NUMBER_OBJECT_CONVERSION = YES_AGGRESSIVE;
				CLANG_CXX_LANGUAGE_STANDARD = "gnu++14";
				CLANG_CXX_LIBRARY = "libc++";
				CLANG_ENABLE_MODULES = YES;
				CLANG_ENABLE_OBJC_ARC = YES;
				CLANG_ENABLE_OBJC_WEAK = YES;
				CLANG_WARN_BLOCK_CAPTURE_AUTORELEASING = YES;
				CLANG_WARN_BOOL_CONVERSION = YES;
				CLANG_WARN_COMMA = YES;
				CLANG_WARN_CONSTANT_CONVERSION = YES;
				CLANG_WARN_DEPRECATED_OBJC_IMPLEMENTATIONS = YES;
				CLANG_WARN_DIRECT_OBJC_ISA_USAGE = YES_ERROR;
				CLANG_WARN_DOCUMENTATION_COMMENTS = YES;
				CLANG_WARN_EMPTY_BODY = YES;
				CLANG_WARN_ENUM_CONVERSION = YES;
				CLANG_WARN_INFINITE_RECURSION = YES;
				CLANG_WARN_INT_CONVERSION = YES;
				CLANG_WARN_NON_LITERAL_NULL_CONVERSION = YES;
				CLANG_WARN_OBJC_IMPLICIT_RETAIN_SELF = YES;
				CLANG_WARN_OBJC_LITERAL_CONVERSION = YES;
				CLANG_WARN_OBJC_ROOT_CLASS = YES_ERROR;
				CLANG_WARN_RANGE_LOOP_ANALYSIS = YES;
				CLANG_WARN_STRICT_PROTOTYPES = YES;
				CLANG_WARN_SUSPICIOUS_MOVE = YES;
				CLANG_WARN_UNGUARDED_AVAILABILITY = YES_AGGRESSIVE;
				CLANG_WARN_UNREACHABLE_CODE = YES;
				CLANG_WARN__DUPLICATE_METHOD_MATCH = YES;
				COPY_PHASE_STRIP = NO;
				DEBUG_INFORMATION_FORMAT = "dwarf-with-dsym";
				ENABLE_NS_ASSERTIONS = NO;
				ENABLE_STRICT_OBJC_MSGSEND = YES;
				GCC_C_LANGUAGE_STANDARD = gnu11;
				GCC_NO_COMMON_BLOCKS = YES;
				GCC_WARN_64_TO_32_BIT_CONVERSION = YES;
				GCC_WARN_ABOUT_RETURN_TYPE = YES_ERROR;
				GCC_WARN_UNDECLARED_SELECTOR = YES;
				GCC_WARN_UNINITIALIZED_AUTOS = YES_AGGRESSIVE;
				GCC_WARN_UNUSED_FUNCTION = YES;
				GCC_WARN_UNUSED_VARIABLE = YES;
				IPHONEOS_DEPLOYMENT_TARGET = 13.1;
				MTL_ENABLE_DEBUG_INFO = NO;
				MTL_FAST_MATH = YES;
				SDKROOT = iphoneos;
				SWIFT_COMPILATION_MODE = wholemodule;
				SWIFT_OPTIMIZATION_LEVEL = "-O";
				VALIDATE_PRODUCT = YES;
			};
			name = Release;
		};
		077E238923F40B2000A83F56 /* Debug */ = {
			isa = XCBuildConfiguration;
			buildSettings = {
				ASSETCATALOG_COMPILER_APPICON_NAME = AppIcon;
				CODE_SIGN_STYLE = Automatic;
				INFOPLIST_FILE = CoreDataCRUD/Info.plist;
				LD_RUNPATH_SEARCH_PATHS = (
					"$(inherited)",
					"@executable_path/Frameworks",
				);
				PRODUCT_BUNDLE_IDENTIFIER = friends.CoreDataCRUD;
				PRODUCT_NAME = "$(TARGET_NAME)";
				SWIFT_VERSION = 5.0;
				TARGETED_DEVICE_FAMILY = "1,2";
			};
			name = Debug;
		};
		077E238A23F40B2000A83F56 /* Release */ = {
			isa = XCBuildConfiguration;
			buildSettings = {
				ASSETCATALOG_COMPILER_APPICON_NAME = AppIcon;
				CODE_SIGN_STYLE = Automatic;
				INFOPLIST_FILE = CoreDataCRUD/Info.plist;
				LD_RUNPATH_SEARCH_PATHS = (
					"$(inherited)",
					"@executable_path/Frameworks",
				);
				PRODUCT_BUNDLE_IDENTIFIER = friends.CoreDataCRUD;
				PRODUCT_NAME = "$(TARGET_NAME)";
				SWIFT_VERSION = 5.0;
				TARGETED_DEVICE_FAMILY = "1,2";
			};
			name = Release;
		};
		077E238C23F40B2000A83F56 /* Debug */ = {
			isa = XCBuildConfiguration;
			buildSettings = {
				ALWAYS_EMBED_SWIFT_STANDARD_LIBRARIES = YES;
				BUNDLE_LOADER = "$(TEST_HOST)";
				CODE_SIGN_STYLE = Automatic;
				INFOPLIST_FILE = CoreDataCRUDTests/Info.plist;
				IPHONEOS_DEPLOYMENT_TARGET = 13.1;
				LD_RUNPATH_SEARCH_PATHS = (
					"$(inherited)",
					"@executable_path/Frameworks",
					"@loader_path/Frameworks",
				);
				PRODUCT_BUNDLE_IDENTIFIER = friends.CoreDataCRUDTests;
				PRODUCT_NAME = "$(TARGET_NAME)";
				SWIFT_VERSION = 5.0;
				TARGETED_DEVICE_FAMILY = "1,2";
				TEST_HOST = "$(BUILT_PRODUCTS_DIR)/CoreDataCRUD.app/CoreDataCRUD";
			};
			name = Debug;
		};
		077E238D23F40B2000A83F56 /* Release */ = {
			isa = XCBuildConfiguration;
			buildSettings = {
				ALWAYS_EMBED_SWIFT_STANDARD_LIBRARIES = YES;
				BUNDLE_LOADER = "$(TEST_HOST)";
				CODE_SIGN_STYLE = Automatic;
				INFOPLIST_FILE = CoreDataCRUDTests/Info.plist;
				IPHONEOS_DEPLOYMENT_TARGET = 13.1;
				LD_RUNPATH_SEARCH_PATHS = (
					"$(inherited)",
					"@executable_path/Frameworks",
					"@loader_path/Frameworks",
				);
				PRODUCT_BUNDLE_IDENTIFIER = friends.CoreDataCRUDTests;
				PRODUCT_NAME = "$(TARGET_NAME)";
				SWIFT_VERSION = 5.0;
				TARGETED_DEVICE_FAMILY = "1,2";
				TEST_HOST = "$(BUILT_PRODUCTS_DIR)/CoreDataCRUD.app/CoreDataCRUD";
			};
			name = Release;
		};
		077E238F23F40B2000A83F56 /* Debug */ = {
			isa = XCBuildConfiguration;
			buildSettings = {
				ALWAYS_EMBED_SWIFT_STANDARD_LIBRARIES = YES;
				CODE_SIGN_STYLE = Automatic;
				INFOPLIST_FILE = CoreDataCRUDUITests/Info.plist;
				LD_RUNPATH_SEARCH_PATHS = (
					"$(inherited)",
					"@executable_path/Frameworks",
					"@loader_path/Frameworks",
				);
				PRODUCT_BUNDLE_IDENTIFIER = friends.CoreDataCRUDUITests;
				PRODUCT_NAME = "$(TARGET_NAME)";
				SWIFT_VERSION = 5.0;
				TARGETED_DEVICE_FAMILY = "1,2";
				TEST_TARGET_NAME = CoreDataCRUD;
			};
			name = Debug;
		};
		077E239023F40B2000A83F56 /* Release */ = {
			isa = XCBuildConfiguration;
			buildSettings = {
				ALWAYS_EMBED_SWIFT_STANDARD_LIBRARIES = YES;
				CODE_SIGN_STYLE = Automatic;
				INFOPLIST_FILE = CoreDataCRUDUITests/Info.plist;
				LD_RUNPATH_SEARCH_PATHS = (
					"$(inherited)",
					"@executable_path/Frameworks",
					"@loader_path/Frameworks",
				);
				PRODUCT_BUNDLE_IDENTIFIER = friends.CoreDataCRUDUITests;
				PRODUCT_NAME = "$(TARGET_NAME)";
				SWIFT_VERSION = 5.0;
				TARGETED_DEVICE_FAMILY = "1,2";
				TEST_TARGET_NAME = CoreDataCRUD;
			};
			name = Release;
		};
/* End XCBuildConfiguration section */

/* Begin XCConfigurationList section */
		077E235623F40B1F00A83F56 /* Build configuration list for PBXProject "CoreDataCRUD" */ = {
			isa = XCConfigurationList;
			buildConfigurations = (
				077E238623F40B2000A83F56 /* Debug */,
				077E238723F40B2000A83F56 /* Release */,
			);
			defaultConfigurationIsVisible = 0;
			defaultConfigurationName = Release;
		};
		077E238823F40B2000A83F56 /* Build configuration list for PBXNativeTarget "CoreDataCRUD" */ = {
			isa = XCConfigurationList;
			buildConfigurations = (
				077E238923F40B2000A83F56 /* Debug */,
				077E238A23F40B2000A83F56 /* Release */,
			);
			defaultConfigurationIsVisible = 0;
			defaultConfigurationName = Release;
		};
		077E238B23F40B2000A83F56 /* Build configuration list for PBXNativeTarget "CoreDataCRUDTests" */ = {
			isa = XCConfigurationList;
			buildConfigurations = (
				077E238C23F40B2000A83F56 /* Debug */,
				077E238D23F40B2000A83F56 /* Release */,
			);
			defaultConfigurationIsVisible = 0;
			defaultConfigurationName = Release;
		};
		077E238E23F40B2000A83F56 /* Build configuration list for PBXNativeTarget "CoreDataCRUDUITests" */ = {
			isa = XCConfigurationList;
			buildConfigurations = (
				077E238F23F40B2000A83F56 /* Debug */,
				077E239023F40B2000A83F56 /* Release */,
			);
			defaultConfigurationIsVisible = 0;
			defaultConfigurationName = Release;
		};
/* End XCConfigurationList section */

/* Begin XCVersionGroup section */
		077E236723F40B1F00A83F56 /* CoreDataCRUD.xcdatamodeld */ = {
			isa = XCVersionGroup;
			children = (
				077E236823F40B1F00A83F56 /* CoreDataCRUD.xcdatamodel */,
			);
			currentVersion = 077E236823F40B1F00A83F56 /* CoreDataCRUD.xcdatamodel */;
			path = CoreDataCRUD.xcdatamodeld;
			sourceTree = "<group>";
			versionGroupType = wrapper.xcdatamodel;
		};
/* End XCVersionGroup section */
	};
	rootObject = 077E235323F40B1F00A83F56 /* Project object */;
}
