// !$*UTF8*$!
{
	archiveVersion = 1;
	classes = {
	};
	objectVersion = 50;
	objects = {

/* Begin PBXBuildFile section */
		8F1A04FE23E2EAC0009F857E /* Utilities.swift in Sources */ = {isa = PBXBuildFile; fileRef = 8F1A04FD23E2EAC0009F857E /* Utilities.swift */; };
		8F83A82923E2D7AF0084D4E8 /* AppDelegate.swift in Sources */ = {isa = PBXBuildFile; fileRef = 8F83A82823E2D7AF0084D4E8 /* AppDelegate.swift */; };
		8F83A82B23E2D7AF0084D4E8 /* FirstViewController.swift in Sources */ = {isa = PBXBuildFile; fileRef = 8F83A82A23E2D7AF0084D4E8 /* FirstViewController.swift */; };
		8F83A82D23E2D7AF0084D4E8 /* SecondViewController.swift in Sources */ = {isa = PBXBuildFile; fileRef = 8F83A82C23E2D7AF0084D4E8 /* SecondViewController.swift */; };
		8F83A83023E2D7AF0084D4E8 /* Main.storyboard in Resources */ = {isa = PBXBuildFile; fileRef = 8F83A82E23E2D7AF0084D4E8 /* Main.storyboard */; };
		8F83A83223E2D7B50084D4E8 /* Assets.xcassets in Resources */ = {isa = PBXBuildFile; fileRef = 8F83A83123E2D7B50084D4E8 /* Assets.xcassets */; };
		8F83A83523E2D7B50084D4E8 /* LaunchScreen.storyboard in Resources */ = {isa = PBXBuildFile; fileRef = 8F83A83323E2D7B50084D4E8 /* LaunchScreen.storyboard */; };
		8F83A84023E2D7B50084D4E8 /* Back_to_the_FutureTests.swift in Sources */ = {isa = PBXBuildFile; fileRef = 8F83A83F23E2D7B50084D4E8 /* Back_to_the_FutureTests.swift */; };
		8F83A84B23E2D7B50084D4E8 /* Back_to_the_FutureUITests.swift in Sources */ = {isa = PBXBuildFile; fileRef = 8F83A84A23E2D7B50084D4E8 /* Back_to_the_FutureUITests.swift */; };
/* End PBXBuildFile section */

/* Begin PBXContainerItemProxy section */
		8F83A83C23E2D7B50084D4E8 /* PBXContainerItemProxy */ = {
			isa = PBXContainerItemProxy;
			containerPortal = 8F83A81D23E2D7AF0084D4E8 /* Project object */;
			proxyType = 1;
			remoteGlobalIDString = 8F83A82423E2D7AF0084D4E8;
			remoteInfo = "Back to the Future";
		};
		8F83A84723E2D7B50084D4E8 /* PBXContainerItemProxy */ = {
			isa = PBXContainerItemProxy;
			containerPortal = 8F83A81D23E2D7AF0084D4E8 /* Project object */;
			proxyType = 1;
			remoteGlobalIDString = 8F83A82423E2D7AF0084D4E8;
			remoteInfo = "Back to the Future";
		};
/* End PBXContainerItemProxy section */

/* Begin PBXFileReference section */
		8F1A04FD23E2EAC0009F857E /* Utilities.swift */ = {isa = PBXFileReference; lastKnownFileType = sourcecode.swift; path = Utilities.swift; sourceTree = "<group>"; };
		8F83A82523E2D7AF0084D4E8 /* Back to the Future.app */ = {isa = PBXFileReference; explicitFileType = wrapper.application; includeInIndex = 0; path = "Back to the Future.app"; sourceTree = BUILT_PRODUCTS_DIR; };
		8F83A82823E2D7AF0084D4E8 /* AppDelegate.swift */ = {isa = PBXFileReference; lastKnownFileType = sourcecode.swift; path = AppDelegate.swift; sourceTree = "<group>"; };
		8F83A82A23E2D7AF0084D4E8 /* FirstViewController.swift */ = {isa = PBXFileReference; lastKnownFileType = sourcecode.swift; path = FirstViewController.swift; sourceTree = "<group>"; };
		8F83A82C23E2D7AF0084D4E8 /* SecondViewController.swift */ = {isa = PBXFileReference; lastKnownFileType = sourcecode.swift; path = SecondViewController.swift; sourceTree = "<group>"; };
		8F83A82F23E2D7AF0084D4E8 /* Base */ = {isa = PBXFileReference; lastKnownFileType = file.storyboard; name = Base; path = Base.lproj/Main.storyboard; sourceTree = "<group>"; };
		8F83A83123E2D7B50084D4E8 /* Assets.xcassets */ = {isa = PBXFileReference; lastKnownFileType = folder.assetcatalog; path = Assets.xcassets; sourceTree = "<group>"; };
		8F83A83423E2D7B50084D4E8 /* Base */ = {isa = PBXFileReference; lastKnownFileType = file.storyboard; name = Base; path = Base.lproj/LaunchScreen.storyboard; sourceTree = "<group>"; };
		8F83A83623E2D7B50084D4E8 /* Info.plist */ = {isa = PBXFileReference; lastKnownFileType = text.plist.xml; path = Info.plist; sourceTree = "<group>"; };
		8F83A83B23E2D7B50084D4E8 /* Back to the FutureTests.xctest */ = {isa = PBXFileReference; explicitFileType = wrapper.cfbundle; includeInIndex = 0; path = "Back to the FutureTests.xctest"; sourceTree = BUILT_PRODUCTS_DIR; };
		8F83A83F23E2D7B50084D4E8 /* Back_to_the_FutureTests.swift */ = {isa = PBXFileReference; lastKnownFileType = sourcecode.swift; path = Back_to_the_FutureTests.swift; sourceTree = "<group>"; };
		8F83A84123E2D7B50084D4E8 /* Info.plist */ = {isa = PBXFileReference; lastKnownFileType = text.plist.xml; path = Info.plist; sourceTree = "<group>"; };
		8F83A84623E2D7B50084D4E8 /* Back to the FutureUITests.xctest */ = {isa = PBXFileReference; explicitFileType = wrapper.cfbundle; includeInIndex = 0; path = "Back to the FutureUITests.xctest"; sourceTree = BUILT_PRODUCTS_DIR; };
		8F83A84A23E2D7B50084D4E8 /* Back_to_the_FutureUITests.swift */ = {isa = PBXFileReference; lastKnownFileType = sourcecode.swift; path = Back_to_the_FutureUITests.swift; sourceTree = "<group>"; };
		8F83A84C23E2D7B50084D4E8 /* Info.plist */ = {isa = PBXFileReference; lastKnownFileType = text.plist.xml; path = Info.plist; sourceTree = "<group>"; };
/* End PBXFileReference section */

/* Begin PBXFrameworksBuildPhase section */
		8F83A82223E2D7AF0084D4E8 /* Frameworks */ = {
			isa = PBXFrameworksBuildPhase;
			buildActionMask = 2147483647;
			files = (
			);
			runOnlyForDeploymentPostprocessing = 0;
		};
		8F83A83823E2D7B50084D4E8 /* Frameworks */ = {
			isa = PBXFrameworksBuildPhase;
			buildActionMask = 2147483647;
			files = (
			);
			runOnlyForDeploymentPostprocessing = 0;
		};
		8F83A84323E2D7B50084D4E8 /* Frameworks */ = {
			isa = PBXFrameworksBuildPhase;
			buildActionMask = 2147483647;
			files = (
			);
			runOnlyForDeploymentPostprocessing = 0;
		};
/* End PBXFrameworksBuildPhase section */

/* Begin PBXGroup section */
		8F83A81C23E2D7AF0084D4E8 = {
			isa = PBXGroup;
			children = (
				8F83A82723E2D7AF0084D4E8 /* Back to the Future */,
				8F83A83E23E2D7B50084D4E8 /* Back to the FutureTests */,
				8F83A84923E2D7B50084D4E8 /* Back to the FutureUITests */,
				8F83A82623E2D7AF0084D4E8 /* Products */,
			);
			sourceTree = "<group>";
		};
		8F83A82623E2D7AF0084D4E8 /* Products */ = {
			isa = PBXGroup;
			children = (
				8F83A82523E2D7AF0084D4E8 /* Back to the Future.app */,
				8F83A83B23E2D7B50084D4E8 /* Back to the FutureTests.xctest */,
				8F83A84623E2D7B50084D4E8 /* Back to the FutureUITests.xctest */,
			);
			name = Products;
			sourceTree = "<group>";
		};
		8F83A82723E2D7AF0084D4E8 /* Back to the Future */ = {
			isa = PBXGroup;
			children = (
				8F83A82823E2D7AF0084D4E8 /* AppDelegate.swift */,
				8F83A82A23E2D7AF0084D4E8 /* FirstViewController.swift */,
				8F83A82C23E2D7AF0084D4E8 /* SecondViewController.swift */,
				8F83A82E23E2D7AF0084D4E8 /* Main.storyboard */,
				8F83A83123E2D7B50084D4E8 /* Assets.xcassets */,
				8F83A83323E2D7B50084D4E8 /* LaunchScreen.storyboard */,
				8F83A83623E2D7B50084D4E8 /* Info.plist */,
				8F1A04FD23E2EAC0009F857E /* Utilities.swift */,
			);
			path = "Back to the Future";
			sourceTree = "<group>";
		};
		8F83A83E23E2D7B50084D4E8 /* Back to the FutureTests */ = {
			isa = PBXGroup;
			children = (
				8F83A83F23E2D7B50084D4E8 /* Back_to_the_FutureTests.swift */,
				8F83A84123E2D7B50084D4E8 /* Info.plist */,
			);
			path = "Back to the FutureTests";
			sourceTree = "<group>";
		};
		8F83A84923E2D7B50084D4E8 /* Back to the FutureUITests */ = {
			isa = PBXGroup;
			children = (
				8F83A84A23E2D7B50084D4E8 /* Back_to_the_FutureUITests.swift */,
				8F83A84C23E2D7B50084D4E8 /* Info.plist */,
			);
			path = "Back to the FutureUITests";
			sourceTree = "<group>";
		};
/* End PBXGroup section */

/* Begin PBXNativeTarget section */
		8F83A82423E2D7AF0084D4E8 /* Back to the Future */ = {
			isa = PBXNativeTarget;
			buildConfigurationList = 8F83A84F23E2D7B50084D4E8 /* Build configuration list for PBXNativeTarget "Back to the Future" */;
			buildPhases = (
				8F83A82123E2D7AF0084D4E8 /* Sources */,
				8F83A82223E2D7AF0084D4E8 /* Frameworks */,
				8F83A82323E2D7AF0084D4E8 /* Resources */,
			);
			buildRules = (
			);
			dependencies = (
			);
			name = "Back to the Future";
			productName = "Back to the Future";
			productReference = 8F83A82523E2D7AF0084D4E8 /* Back to the Future.app */;
			productType = "com.apple.product-type.application";
		};
		8F83A83A23E2D7B50084D4E8 /* Back to the FutureTests */ = {
			isa = PBXNativeTarget;
			buildConfigurationList = 8F83A85223E2D7B50084D4E8 /* Build configuration list for PBXNativeTarget "Back to the FutureTests" */;
			buildPhases = (
				8F83A83723E2D7B50084D4E8 /* Sources */,
				8F83A83823E2D7B50084D4E8 /* Frameworks */,
				8F83A83923E2D7B50084D4E8 /* Resources */,
			);
			buildRules = (
			);
			dependencies = (
				8F83A83D23E2D7B50084D4E8 /* PBXTargetDependency */,
			);
			name = "Back to the FutureTests";
			productName = "Back to the FutureTests";
			productReference = 8F83A83B23E2D7B50084D4E8 /* Back to the FutureTests.xctest */;
			productType = "com.apple.product-type.bundle.unit-test";
		};
		8F83A84523E2D7B50084D4E8 /* Back to the FutureUITests */ = {
			isa = PBXNativeTarget;
			buildConfigurationList = 8F83A85523E2D7B50084D4E8 /* Build configuration list for PBXNativeTarget "Back to the FutureUITests" */;
			buildPhases = (
				8F83A84223E2D7B50084D4E8 /* Sources */,
				8F83A84323E2D7B50084D4E8 /* Frameworks */,
				8F83A84423E2D7B50084D4E8 /* Resources */,
			);
			buildRules = (
			);
			dependencies = (
				8F83A84823E2D7B50084D4E8 /* PBXTargetDependency */,
			);
			name = "Back to the FutureUITests";
			productName = "Back to the FutureUITests";
			productReference = 8F83A84623E2D7B50084D4E8 /* Back to the FutureUITests.xctest */;
			productType = "com.apple.product-type.bundle.ui-testing";
		};
/* End PBXNativeTarget section */

/* Begin PBXProject section */
		8F83A81D23E2D7AF0084D4E8 /* Project object */ = {
			isa = PBXProject;
			attributes = {
				LastSwiftUpdateCheck = 1000;
				LastUpgradeCheck = 1000;
				ORGANIZATIONNAME = "Apple Inc.";
				TargetAttributes = {
					8F83A82423E2D7AF0084D4E8 = {
						CreatedOnToolsVersion = 10.0;
					};
					8F83A83A23E2D7B50084D4E8 = {
						CreatedOnToolsVersion = 10.0;
						TestTargetID = 8F83A82423E2D7AF0084D4E8;
					};
					8F83A84523E2D7B50084D4E8 = {
						CreatedOnToolsVersion = 10.0;
						TestTargetID = 8F83A82423E2D7AF0084D4E8;
					};
				};
			};
			buildConfigurationList = 8F83A82023E2D7AF0084D4E8 /* Build configuration list for PBXProject "Back to the Future" */;
			compatibilityVersion = "Xcode 9.3";
			developmentRegion = en;
			hasScannedForEncodings = 0;
			knownRegions = (
				en,
				Base,
			);
			mainGroup = 8F83A81C23E2D7AF0084D4E8;
			productRefGroup = 8F83A82623E2D7AF0084D4E8 /* Products */;
			projectDirPath = "";
			projectRoot = "";
			targets = (
				8F83A82423E2D7AF0084D4E8 /* Back to the Future */,
				8F83A83A23E2D7B50084D4E8 /* Back to the FutureTests */,
				8F83A84523E2D7B50084D4E8 /* Back to the FutureUITests */,
			);
		};
/* End PBXProject section */

/* Begin PBXResourcesBuildPhase section */
		8F83A82323E2D7AF0084D4E8 /* Resources */ = {
			isa = PBXResourcesBuildPhase;
			buildActionMask = 2147483647;
			files = (
				8F83A83523E2D7B50084D4E8 /* LaunchScreen.storyboard in Resources */,
				8F83A83223E2D7B50084D4E8 /* Assets.xcassets in Resources */,
				8F83A83023E2D7AF0084D4E8 /* Main.storyboard in Resources */,
			);
			runOnlyForDeploymentPostprocessing = 0;
		};
		8F83A83923E2D7B50084D4E8 /* Resources */ = {
			isa = PBXResourcesBuildPhase;
			buildActionMask = 2147483647;
			files = (
			);
			runOnlyForDeploymentPostprocessing = 0;
		};
		8F83A84423E2D7B50084D4E8 /* Resources */ = {
			isa = PBXResourcesBuildPhase;
			buildActionMask = 2147483647;
			files = (
			);
			runOnlyForDeploymentPostprocessing = 0;
		};
/* End PBXResourcesBuildPhase section */

/* Begin PBXSourcesBuildPhase section */
		8F83A82123E2D7AF0084D4E8 /* Sources */ = {
			isa = PBXSourcesBuildPhase;
			buildActionMask = 2147483647;
			files = (
				8F83A82D23E2D7AF0084D4E8 /* SecondViewController.swift in Sources */,
				8F83A82923E2D7AF0084D4E8 /* AppDelegate.swift in Sources */,
				8F1A04FE23E2EAC0009F857E /* Utilities.swift in Sources */,
				8F83A82B23E2D7AF0084D4E8 /* FirstViewController.swift in Sources */,
			);
			runOnlyForDeploymentPostprocessing = 0;
		};
		8F83A83723E2D7B50084D4E8 /* Sources */ = {
			isa = PBXSourcesBuildPhase;
			buildActionMask = 2147483647;
			files = (
				8F83A84023E2D7B50084D4E8 /* Back_to_the_FutureTests.swift in Sources */,
			);
			runOnlyForDeploymentPostprocessing = 0;
		};
		8F83A84223E2D7B50084D4E8 /* Sources */ = {
			isa = PBXSourcesBuildPhase;
			buildActionMask = 2147483647;
			files = (
				8F83A84B23E2D7B50084D4E8 /* Back_to_the_FutureUITests.swift in Sources */,
			);
			runOnlyForDeploymentPostprocessing = 0;
		};
/* End PBXSourcesBuildPhase section */

/* Begin PBXTargetDependency section */
		8F83A83D23E2D7B50084D4E8 /* PBXTargetDependency */ = {
			isa = PBXTargetDependency;
			target = 8F83A82423E2D7AF0084D4E8 /* Back to the Future */;
			targetProxy = 8F83A83C23E2D7B50084D4E8 /* PBXContainerItemProxy */;
		};
		8F83A84823E2D7B50084D4E8 /* PBXTargetDependency */ = {
			isa = PBXTargetDependency;
			target = 8F83A82423E2D7AF0084D4E8 /* Back to the Future */;
			targetProxy = 8F83A84723E2D7B50084D4E8 /* PBXContainerItemProxy */;
		};
/* End PBXTargetDependency section */

/* Begin PBXVariantGroup section */
		8F83A82E23E2D7AF0084D4E8 /* Main.storyboard */ = {
			isa = PBXVariantGroup;
			children = (
				8F83A82F23E2D7AF0084D4E8 /* Base */,
			);
			name = Main.storyboard;
			sourceTree = "<group>";
		};
		8F83A83323E2D7B50084D4E8 /* LaunchScreen.storyboard */ = {
			isa = PBXVariantGroup;
			children = (
				8F83A83423E2D7B50084D4E8 /* Base */,
			);
			name = LaunchScreen.storyboard;
			sourceTree = "<group>";
		};
/* End PBXVariantGroup section */

/* Begin XCBuildConfiguration section */
		8F83A84D23E2D7B50084D4E8 /* Debug */ = {
			isa = XCBuildConfiguration;
			buildSettings = {
				ALWAYS_SEARCH_USER_PATHS = NO;
				CLANG_ANALYZER_NONNULL = YES;
				CLANG_ANALYZER_NUMBER_OBJECT_CONVERSION = YES_AGGRESSIVE;
				CLANG_CXX_LANGUAGE_STANDARD = "gnu++14";
				CLANG_CXX_LIBRARY = "libc++";
				CLANG_ENABLE_MODULES = YES;
				CLANG_ENABLE_OBJC_ARC = YES;
				CLANG_ENABLE_OBJC_WEAK = YES;
				CLANG_WARN_BLOCK_CAPTURE_AUTORELEASING = YES;
				CLANG_WARN_BOOL_CONVERSION = YES;
				CLANG_WARN_COMMA = YES;
				CLANG_WARN_CONSTANT_CONVERSION = YES;
				CLANG_WARN_DEPRECATED_OBJC_IMPLEMENTATIONS = YES;
				CLANG_WARN_DIRECT_OBJC_ISA_USAGE = YES_ERROR;
				CLANG_WARN_DOCUMENTATION_COMMENTS = YES;
				CLANG_WARN_EMPTY_BODY = YES;
				CLANG_WARN_ENUM_CONVERSION = YES;
				CLANG_WARN_INFINITE_RECURSION = YES;
				CLANG_WARN_INT_CONVERSION = YES;
				CLANG_WARN_NON_LITERAL_NULL_CONVERSION = YES;
				CLANG_WARN_OBJC_IMPLICIT_RETAIN_SELF = YES;
				CLANG_WARN_OBJC_LITERAL_CONVERSION = YES;
				CLANG_WARN_OBJC_ROOT_CLASS = YES_ERROR;
				CLANG_WARN_RANGE_LOOP_ANALYSIS = YES;
				CLANG_WARN_STRICT_PROTOTYPES = YES;
				CLANG_WARN_SUSPICIOUS_MOVE = YES;
				CLANG_WARN_UNGUARDED_AVAILABILITY = YES_AGGRESSIVE;
				CLANG_WARN_UNREACHABLE_CODE = YES;
				CLANG_WARN__DUPLICATE_METHOD_MATCH = YES;
				CODE_SIGN_IDENTITY = "iPhone Developer";
				COPY_PHASE_STRIP = NO;
				DEBUG_INFORMATION_FORMAT = dwarf;
				ENABLE_STRICT_OBJC_MSGSEND = YES;
				ENABLE_TESTABILITY = YES;
				GCC_C_LANGUAGE_STANDARD = gnu11;
				GCC_DYNAMIC_NO_PIC = NO;
				GCC_NO_COMMON_BLOCKS = YES;
				GCC_OPTIMIZATION_LEVEL = 0;
				GCC_PREPROCESSOR_DEFINITIONS = (
					"DEBUG=1",
					"$(inherited)",
				);
				GCC_WARN_64_TO_32_BIT_CONVERSION = YES;
				GCC_WARN_ABOUT_RETURN_TYPE = YES_ERROR;
				GCC_WARN_UNDECLARED_SELECTOR = YES;
				GCC_WARN_UNINITIALIZED_AUTOS = YES_AGGRESSIVE;
				GCC_WARN_UNUSED_FUNCTION = YES;
				GCC_WARN_UNUSED_VARIABLE = YES;
				IPHONEOS_DEPLOYMENT_TARGET = 12.0;
				MTL_ENABLE_DEBUG_INFO = INCLUDE_SOURCE;
				MTL_FAST_MATH = YES;
				ONLY_ACTIVE_ARCH = YES;
				SDKROOT = iphoneos;
				SWIFT_ACTIVE_COMPILATION_CONDITIONS = DEBUG;
				SWIFT_OPTIMIZATION_LEVEL = "-Onone";
			};
			name = Debug;
		};
		8F83A84E23E2D7B50084D4E8 /* Release */ = {
			isa = XCBuildConfiguration;
			buildSettings = {
				ALWAYS_SEARCH_USER_PATHS = NO;
				CLANG_ANALYZER_NONNULL = YES;
				CLANG_ANALYZER_NUMBER_OBJECT_CONVERSION = YES_AGGRESSIVE;
				CLANG_CXX_LANGUAGE_STANDARD = "gnu++14";
				CLANG_CXX_LIBRARY = "libc++";
				CLANG_ENABLE_MODULES = YES;
				CLANG_ENABLE_OBJC_ARC = YES;
				CLANG_ENABLE_OBJC_WEAK = YES;
				CLANG_WARN_BLOCK_CAPTURE_AUTORELEASING = YES;
				CLANG_WARN_BOOL_CONVERSION = YES;
				CLANG_WARN_COMMA = YES;
				CLANG_WARN_CONSTANT_CONVERSION = YES;
				CLANG_WARN_DEPRECATED_OBJC_IMPLEMENTATIONS = YES;
				CLANG_WARN_DIRECT_OBJC_ISA_USAGE = YES_ERROR;
				CLANG_WARN_DOCUMENTATION_COMMENTS = YES;
				CLANG_WARN_EMPTY_BODY = YES;
				CLANG_WARN_ENUM_CONVERSION = YES;
				CLANG_WARN_INFINITE_RECURSION = YES;
				CLANG_WARN_INT_CONVERSION = YES;
				CLANG_WARN_NON_LITERAL_NULL_CONVERSION = YES;
				CLANG_WARN_OBJC_IMPLICIT_RETAIN_SELF = YES;
				CLANG_WARN_OBJC_LITERAL_CONVERSION = YES;
				CLANG_WARN_OBJC_ROOT_CLASS = YES_ERROR;
				CLANG_WARN_RANGE_LOOP_ANALYSIS = YES;
				CLANG_WARN_STRICT_PROTOTYPES = YES;
				CLANG_WARN_SUSPICIOUS_MOVE = YES;
				CLANG_WARN_UNGUARDED_AVAILABILITY = YES_AGGRESSIVE;
				CLANG_WARN_UNREACHABLE_CODE = YES;
				CLANG_WARN__DUPLICATE_METHOD_MATCH = YES;
				CODE_SIGN_IDENTITY = "iPhone Developer";
				COPY_PHASE_STRIP = NO;
				DEBUG_INFORMATION_FORMAT = "dwarf-with-dsym";
				ENABLE_NS_ASSERTIONS = NO;
				ENABLE_STRICT_OBJC_MSGSEND = YES;
				GCC_C_LANGUAGE_STANDARD = gnu11;
				GCC_NO_COMMON_BLOCKS = YES;
				GCC_WARN_64_TO_32_BIT_CONVERSION = YES;
				GCC_WARN_ABOUT_RETURN_TYPE = YES_ERROR;
				GCC_WARN_UNDECLARED_SELECTOR = YES;
				GCC_WARN_UNINITIALIZED_AUTOS = YES_AGGRESSIVE;
				GCC_WARN_UNUSED_FUNCTION = YES;
				GCC_WARN_UNUSED_VARIABLE = YES;
				IPHONEOS_DEPLOYMENT_TARGET = 12.0;
				MTL_ENABLE_DEBUG_INFO = NO;
				MTL_FAST_MATH = YES;
				SDKROOT = iphoneos;
				SWIFT_COMPILATION_MODE = wholemodule;
				SWIFT_OPTIMIZATION_LEVEL = "-O";
				VALIDATE_PRODUCT = YES;
			};
			name = Release;
		};
		8F83A85023E2D7B50084D4E8 /* Debug */ = {
			isa = XCBuildConfiguration;
			buildSettings = {
				ASSETCATALOG_COMPILER_APPICON_NAME = AppIcon;
				CODE_SIGN_STYLE = Automatic;
				INFOPLIST_FILE = "Back to the Future/Info.plist";
				LD_RUNPATH_SEARCH_PATHS = (
					"$(inherited)",
					"@executable_path/Frameworks",
				);
				PRODUCT_BUNDLE_IDENTIFIER = "com.firstone.Back-to-the-Future";
				PRODUCT_NAME = "$(TARGET_NAME)";
				SWIFT_VERSION = 4.2;
				TARGETED_DEVICE_FAMILY = "1,2";
			};
			name = Debug;
		};
		8F83A85123E2D7B50084D4E8 /* Release */ = {
			isa = XCBuildConfiguration;
			buildSettings = {
				ASSETCATALOG_COMPILER_APPICON_NAME = AppIcon;
				CODE_SIGN_STYLE = Automatic;
				INFOPLIST_FILE = "Back to the Future/Info.plist";
				LD_RUNPATH_SEARCH_PATHS = (
					"$(inherited)",
					"@executable_path/Frameworks",
				);
				PRODUCT_BUNDLE_IDENTIFIER = "com.firstone.Back-to-the-Future";
				PRODUCT_NAME = "$(TARGET_NAME)";
				SWIFT_VERSION = 4.2;
				TARGETED_DEVICE_FAMILY = "1,2";
			};
			name = Release;
		};
		8F83A85323E2D7B50084D4E8 /* Debug */ = {
			isa = XCBuildConfiguration;
			buildSettings = {
				ALWAYS_EMBED_SWIFT_STANDARD_LIBRARIES = YES;
				BUNDLE_LOADER = "$(TEST_HOST)";
				CODE_SIGN_STYLE = Automatic;
				INFOPLIST_FILE = "Back to the FutureTests/Info.plist";
				LD_RUNPATH_SEARCH_PATHS = (
					"$(inherited)",
					"@executable_path/Frameworks",
					"@loader_path/Frameworks",
				);
				PRODUCT_BUNDLE_IDENTIFIER = "com.firstone.Back-to-the-FutureTests";
				PRODUCT_NAME = "$(TARGET_NAME)";
				SWIFT_VERSION = 4.2;
				TARGETED_DEVICE_FAMILY = "1,2";
				TEST_HOST = "$(BUILT_PRODUCTS_DIR)/Back to the Future.app/Back to the Future";
			};
			name = Debug;
		};
		8F83A85423E2D7B50084D4E8 /* Release */ = {
			isa = XCBuildConfiguration;
			buildSettings = {
				ALWAYS_EMBED_SWIFT_STANDARD_LIBRARIES = YES;
				BUNDLE_LOADER = "$(TEST_HOST)";
				CODE_SIGN_STYLE = Automatic;
				INFOPLIST_FILE = "Back to the FutureTests/Info.plist";
				LD_RUNPATH_SEARCH_PATHS = (
					"$(inherited)",
					"@executable_path/Frameworks",
					"@loader_path/Frameworks",
				);
				PRODUCT_BUNDLE_IDENTIFIER = "com.firstone.Back-to-the-FutureTests";
				PRODUCT_NAME = "$(TARGET_NAME)";
				SWIFT_VERSION = 4.2;
				TARGETED_DEVICE_FAMILY = "1,2";
				TEST_HOST = "$(BUILT_PRODUCTS_DIR)/Back to the Future.app/Back to the Future";
			};
			name = Release;
		};
		8F83A85623E2D7B50084D4E8 /* Debug */ = {
			isa = XCBuildConfiguration;
			buildSettings = {
				ALWAYS_EMBED_SWIFT_STANDARD_LIBRARIES = YES;
				CODE_SIGN_STYLE = Automatic;
				INFOPLIST_FILE = "Back to the FutureUITests/Info.plist";
				LD_RUNPATH_SEARCH_PATHS = (
					"$(inherited)",
					"@executable_path/Frameworks",
					"@loader_path/Frameworks",
				);
				PRODUCT_BUNDLE_IDENTIFIER = "com.firstone.Back-to-the-FutureUITests";
				PRODUCT_NAME = "$(TARGET_NAME)";
				SWIFT_VERSION = 4.2;
				TARGETED_DEVICE_FAMILY = "1,2";
				TEST_TARGET_NAME = "Back to the Future";
			};
			name = Debug;
		};
		8F83A85723E2D7B50084D4E8 /* Release */ = {
			isa = XCBuildConfiguration;
			buildSettings = {
				ALWAYS_EMBED_SWIFT_STANDARD_LIBRARIES = YES;
				CODE_SIGN_STYLE = Automatic;
				INFOPLIST_FILE = "Back to the FutureUITests/Info.plist";
				LD_RUNPATH_SEARCH_PATHS = (
					"$(inherited)",
					"@executable_path/Frameworks",
					"@loader_path/Frameworks",
				);
				PRODUCT_BUNDLE_IDENTIFIER = "com.firstone.Back-to-the-FutureUITests";
				PRODUCT_NAME = "$(TARGET_NAME)";
				SWIFT_VERSION = 4.2;
				TARGETED_DEVICE_FAMILY = "1,2";
				TEST_TARGET_NAME = "Back to the Future";
			};
			name = Release;
		};
/* End XCBuildConfiguration section */

/* Begin XCConfigurationList section */
		8F83A82023E2D7AF0084D4E8 /* Build configuration list for PBXProject "Back to the Future" */ = {
			isa = XCConfigurationList;
			buildConfigurations = (
				8F83A84D23E2D7B50084D4E8 /* Debug */,
				8F83A84E23E2D7B50084D4E8 /* Release */,
			);
			defaultConfigurationIsVisible = 0;
			defaultConfigurationName = Release;
		};
		8F83A84F23E2D7B50084D4E8 /* Build configuration list for PBXNativeTarget "Back to the Future" */ = {
			isa = XCConfigurationList;
			buildConfigurations = (
				8F83A85023E2D7B50084D4E8 /* Debug */,
				8F83A85123E2D7B50084D4E8 /* Release */,
			);
			defaultConfigurationIsVisible = 0;
			defaultConfigurationName = Release;
		};
		8F83A85223E2D7B50084D4E8 /* Build configuration list for PBXNativeTarget "Back to the FutureTests" */ = {
			isa = XCConfigurationList;
			buildConfigurations = (
				8F83A85323E2D7B50084D4E8 /* Debug */,
				8F83A85423E2D7B50084D4E8 /* Release */,
			);
			defaultConfigurationIsVisible = 0;
			defaultConfigurationName = Release;
		};
		8F83A85523E2D7B50084D4E8 /* Build configuration list for PBXNativeTarget "Back to the FutureUITests" */ = {
			isa = XCConfigurationList;
			buildConfigurations = (
				8F83A85623E2D7B50084D4E8 /* Debug */,
				8F83A85723E2D7B50084D4E8 /* Release */,
			);
			defaultConfigurationIsVisible = 0;
			defaultConfigurationName = Release;
		};
/* End XCConfigurationList section */
	};
	rootObject = 8F83A81D23E2D7AF0084D4E8 /* Project object */;
}
